
Microsoft Visual Studio Solution File, Format Version 12.00
# Visual Studio Version 17
VisualStudioVersion = 17.3.32929.385
MinimumVisualStudioVersion = 10.0.40219.1
Project("{FAE04EC0-301F-11D3-BF4B-00C04F79EFBC}") = "ConsultaAPIRestTest", "ConsultaAPIRestTest\ConsultaAPIRestTest.csproj", "{FF665FF9-9DB7-427E-B510-F5A3385CABB1}"
EndProject
Global
	GlobalSection(SolutionConfigurationPlatforms) = preSolution
		Debug|Any CPU = Debug|Any CPU
		Release|Any CPU = Release|Any CPU
	EndGlobalSection
	GlobalSection(ProjectConfigurationPlatforms) = postSolution
		{FF665FF9-9DB7-427E-B510-F5A3385CABB1}.Debug|Any CPU.ActiveCfg = Debug|Any CPU
		{FF665FF9-9DB7-427E-B510-F5A3385CABB1}.Debug|Any CPU.Build.0 = Debug|Any CPU
		{FF665FF9-9DB7-427E-B510-F5A3385CABB1}.Release|Any CPU.ActiveCfg = Release|Any CPU
		{FF665FF9-9DB7-427E-B510-F5A3385CABB1}.Release|Any CPU.Build.0 = Release|Any CPU
	EndGlobalSection
	GlobalSection(SolutionProperties) = preSolution
		HideSolutionNode = FALSE
	EndGlobalSection
	GlobalSection(ExtensibilityGlobals) = postSolution
		SolutionGuid = {B852E2D3-A2C3-4570-B4E7-9AC5A83E5713}
	EndGlobalSection
EndGlobal
